
Microsoft Visual Studio Solution File, Format Version 12.00
# Visual Studio Version 17
VisualStudioVersion = 17.0.32112.339
MinimumVisualStudioVersion = 10.0.40219.1
Project("{FAE04EC0-301F-11D3-BF4B-00C04F79EFBC}") = "WinFormsApp2", "WinFormsApp2.csproj", "{2E625CD4-78D3-4BD5-88CB-28FA90DCFA69}"
EndProject
Global
	GlobalSection(SolutionConfigurationPlatforms) = preSolution
		Debug|Any CPU = Debug|Any CPU
		Release|Any CPU = Release|Any CPU
	EndGlobalSection
	GlobalSection(ProjectConfigurationPlatforms) = postSolution
		{2E625CD4-78D3-4BD5-88CB-28FA90DCFA69}.Debug|Any CPU.ActiveCfg = Debug|Any CPU
		{2E625CD4-78D3-4BD5-88CB-28FA90DCFA69}.Debug|Any CPU.Build.0 = Debug|Any CPU
		{2E625CD4-78D3-4BD5-88CB-28FA90DCFA69}.Release|Any CPU.ActiveCfg = Release|Any CPU
		{2E625CD4-78D3-4BD5-88CB-28FA90DCFA69}.Release|Any CPU.Build.0 = Release|Any CPU
	EndGlobalSection
	GlobalSection(SolutionProperties) = preSolution
		HideSolutionNode = FALSE
	EndGlobalSection
	GlobalSection(ExtensibilityGlobals) = postSolution
		SolutionGuid = {83A026AC-9BE7-4FF9-B351-30159A00FB5F}
	EndGlobalSection
EndGlobal
